// !$*UTF8*$!
{
	archiveVersion = 1;
	classes = {
	};
	objectVersion = 46;
	objects = {

/* Begin PBXBuildFile section */
		8C0C61411DF172E900B83B10 /* TabBarViewController.swift in Sources */ = {isa = PBXBuildFile; fileRef = 8C0C61401DF172E900B83B10 /* TabBarViewController.swift */; };
		8C0C61431DF178E300B83B10 /* RegistrationTableViewController.swift in Sources */ = {isa = PBXBuildFile; fileRef = 8C0C61421DF178E300B83B10 /* RegistrationTableViewController.swift */; };
		8C3B80D81DFDEA390009762F /* RegistrationMailTableViewController.swift in Sources */ = {isa = PBXBuildFile; fileRef = 8C3B80D71DFDEA390009762F /* RegistrationMailTableViewController.swift */; };
		8C3B80DA1DFDEC1B0009762F /* RegistrationPasswordTableViewController.swift in Sources */ = {isa = PBXBuildFile; fileRef = 8C3B80D91DFDEC1B0009762F /* RegistrationPasswordTableViewController.swift */; };
		8C3B80DC1DFDF6BB0009762F /* InfoViewController.swift in Sources */ = {isa = PBXBuildFile; fileRef = 8C3B80DB1DFDF6BB0009762F /* InfoViewController.swift */; };
		8C4035721D991468000FB4CF /* CourseTableViewCell.swift in Sources */ = {isa = PBXBuildFile; fileRef = 8C4035711D991468000FB4CF /* CourseTableViewCell.swift */; };
		8C4BF9631E01F77A0097D653 /* Topic.swift in Sources */ = {isa = PBXBuildFile; fileRef = 8C4BF9621E01F77A0097D653 /* Topic.swift */; };
		8C4BF9651E0204FC0097D653 /* InstructorViewController.swift in Sources */ = {isa = PBXBuildFile; fileRef = 8C4BF9641E0204FC0097D653 /* InstructorViewController.swift */; };
		8C4BF9671E0206FF0097D653 /* OutlineTableViewController.swift in Sources */ = {isa = PBXBuildFile; fileRef = 8C4BF9661E0206FF0097D653 /* OutlineTableViewController.swift */; };
		8C4BF9691E0207360097D653 /* OutlineTableViewCell.swift in Sources */ = {isa = PBXBuildFile; fileRef = 8C4BF9681E0207360097D653 /* OutlineTableViewCell.swift */; };
		8C5533A61DD0CA57009EBC10 /* AsyncButton.swift in Sources */ = {isa = PBXBuildFile; fileRef = 8C5533881DD0CA57009EBC10 /* AsyncButton.swift */; };
		8C5533A71DD0CA57009EBC10 /* AsyncImageView.swift in Sources */ = {isa = PBXBuildFile; fileRef = 8C5533891DD0CA57009EBC10 /* AsyncImageView.swift */; };
		8C5533A81DD0CA57009EBC10 /* AutoTextView.swift in Sources */ = {isa = PBXBuildFile; fileRef = 8C55338A1DD0CA57009EBC10 /* AutoTextView.swift */; };
		8C5533A91DD0CA57009EBC10 /* BlurView.swift in Sources */ = {isa = PBXBuildFile; fileRef = 8C55338B1DD0CA57009EBC10 /* BlurView.swift */; };
		8C5533AA1DD0CA57009EBC10 /* DesignableButton.swift in Sources */ = {isa = PBXBuildFile; fileRef = 8C55338C1DD0CA57009EBC10 /* DesignableButton.swift */; };
		8C5533AB1DD0CA57009EBC10 /* DesignableImageView.swift in Sources */ = {isa = PBXBuildFile; fileRef = 8C55338D1DD0CA57009EBC10 /* DesignableImageView.swift */; };
		8C5533AC1DD0CA57009EBC10 /* DesignableLabel.swift in Sources */ = {isa = PBXBuildFile; fileRef = 8C55338E1DD0CA57009EBC10 /* DesignableLabel.swift */; };
		8C5533AD1DD0CA57009EBC10 /* DesignableTabBarController.swift in Sources */ = {isa = PBXBuildFile; fileRef = 8C55338F1DD0CA57009EBC10 /* DesignableTabBarController.swift */; };
		8C5533AE1DD0CA57009EBC10 /* DesignableTextField.swift in Sources */ = {isa = PBXBuildFile; fileRef = 8C5533901DD0CA57009EBC10 /* DesignableTextField.swift */; };
		8C5533AF1DD0CA57009EBC10 /* DesignableTextView.swift in Sources */ = {isa = PBXBuildFile; fileRef = 8C5533911DD0CA57009EBC10 /* DesignableTextView.swift */; };
		8C5533B01DD0CA57009EBC10 /* DesignableView.swift in Sources */ = {isa = PBXBuildFile; fileRef = 8C5533921DD0CA57009EBC10 /* DesignableView.swift */; };
		8C5533B11DD0CA57009EBC10 /* ImageLoader.swift in Sources */ = {isa = PBXBuildFile; fileRef = 8C5533931DD0CA57009EBC10 /* ImageLoader.swift */; };
		8C5533B21DD0CA57009EBC10 /* Info.plist in Resources */ = {isa = PBXBuildFile; fileRef = 8C5533941DD0CA57009EBC10 /* Info.plist */; };
		8C5533B31DD0CA57009EBC10 /* KeyboardLayoutConstraint.swift in Sources */ = {isa = PBXBuildFile; fileRef = 8C5533951DD0CA57009EBC10 /* KeyboardLayoutConstraint.swift */; };
		8C5533B41DD0CA57009EBC10 /* LoadingView.swift in Sources */ = {isa = PBXBuildFile; fileRef = 8C5533961DD0CA57009EBC10 /* LoadingView.swift */; };
		8C5533B51DD0CA57009EBC10 /* LoadingView.xib in Resources */ = {isa = PBXBuildFile; fileRef = 8C5533971DD0CA57009EBC10 /* LoadingView.xib */; };
		8C5533B61DD0CA57009EBC10 /* Misc.swift in Sources */ = {isa = PBXBuildFile; fileRef = 8C5533981DD0CA57009EBC10 /* Misc.swift */; };
		8C5533B71DD0CA57009EBC10 /* SoundPlayer.swift in Sources */ = {isa = PBXBuildFile; fileRef = 8C5533991DD0CA57009EBC10 /* SoundPlayer.swift */; };
		8C5533B81DD0CA57009EBC10 /* Spring.swift in Sources */ = {isa = PBXBuildFile; fileRef = 8C55339B1DD0CA57009EBC10 /* Spring.swift */; };
		8C5533B91DD0CA57009EBC10 /* SpringAnimation.swift in Sources */ = {isa = PBXBuildFile; fileRef = 8C55339C1DD0CA57009EBC10 /* SpringAnimation.swift */; };
		8C5533BA1DD0CA57009EBC10 /* SpringButton.swift in Sources */ = {isa = PBXBuildFile; fileRef = 8C55339D1DD0CA57009EBC10 /* SpringButton.swift */; };
		8C5533BB1DD0CA57009EBC10 /* SpringImageView.swift in Sources */ = {isa = PBXBuildFile; fileRef = 8C55339E1DD0CA57009EBC10 /* SpringImageView.swift */; };
		8C5533BC1DD0CA57009EBC10 /* SpringLabel.swift in Sources */ = {isa = PBXBuildFile; fileRef = 8C55339F1DD0CA57009EBC10 /* SpringLabel.swift */; };
		8C5533BD1DD0CA57009EBC10 /* SpringTextField.swift in Sources */ = {isa = PBXBuildFile; fileRef = 8C5533A01DD0CA57009EBC10 /* SpringTextField.swift */; };
		8C5533BE1DD0CA57009EBC10 /* SpringTextView.swift in Sources */ = {isa = PBXBuildFile; fileRef = 8C5533A11DD0CA57009EBC10 /* SpringTextView.swift */; };
		8C5533BF1DD0CA57009EBC10 /* SpringView.swift in Sources */ = {isa = PBXBuildFile; fileRef = 8C5533A21DD0CA57009EBC10 /* SpringView.swift */; };
		8C5533C01DD0CA57009EBC10 /* TransitionManager.swift in Sources */ = {isa = PBXBuildFile; fileRef = 8C5533A31DD0CA57009EBC10 /* TransitionManager.swift */; };
		8C5533C11DD0CA57009EBC10 /* TransitionZoom.swift in Sources */ = {isa = PBXBuildFile; fileRef = 8C5533A41DD0CA57009EBC10 /* TransitionZoom.swift */; };
		8C5533C21DD0CA57009EBC10 /* UnwindSegue.swift in Sources */ = {isa = PBXBuildFile; fileRef = 8C5533A51DD0CA57009EBC10 /* UnwindSegue.swift */; };
		8C5562681D971D75000B296F /* AccountTableViewController.swift in Sources */ = {isa = PBXBuildFile; fileRef = 8C5562671D971D75000B296F /* AccountTableViewController.swift */; };
		8C5CB4F61DEE481500B46D0B /* PostsTableViewController.swift in Sources */ = {isa = PBXBuildFile; fileRef = 8C5CB4F51DEE481500B46D0B /* PostsTableViewController.swift */; };
		8C621C151DEE235D0050596C /* OverviewMasterTableViewController.swift in Sources */ = {isa = PBXBuildFile; fileRef = 8C621C141DEE235D0050596C /* OverviewMasterTableViewController.swift */; };
		8C7981F51DA19520008954B9 /* Course.swift in Sources */ = {isa = PBXBuildFile; fileRef = 8C7981F41DA19520008954B9 /* Course.swift */; };
		8C8C77F51DEC87FD00BD563A /* OverviewViewController.swift in Sources */ = {isa = PBXBuildFile; fileRef = 8C8C77F41DEC87FD00BD563A /* OverviewViewController.swift */; };
		8C97DAFE1DD5C0BB003B5C37 /* CourseCreationTableViewController.swift in Sources */ = {isa = PBXBuildFile; fileRef = 8C97DAFD1DD5C0BB003B5C37 /* CourseCreationTableViewController.swift */; };
		8C97DB001DD6415F003B5C37 /* CourseCreationFormViewController.swift in Sources */ = {isa = PBXBuildFile; fileRef = 8C97DAFF1DD6415F003B5C37 /* CourseCreationFormViewController.swift */; };
		8C9A21541DE6E5F200FB9EBA /* Alamofire.framework in Frameworks */ = {isa = PBXBuildFile; fileRef = 8C9A214E1DE6E5F200FB9EBA /* Alamofire.framework */; };
		8C9A21551DE6E5F200FB9EBA /* ChameleonFramework.framework in Frameworks */ = {isa = PBXBuildFile; fileRef = 8C9A214F1DE6E5F200FB9EBA /* ChameleonFramework.framework */; };
		8C9A21561DE6E5F200FB9EBA /* DZNEmptyDataSet.framework in Frameworks */ = {isa = PBXBuildFile; fileRef = 8C9A21501DE6E5F200FB9EBA /* DZNEmptyDataSet.framework */; };
		8C9A21571DE6E5F200FB9EBA /* Eureka.framework in Frameworks */ = {isa = PBXBuildFile; fileRef = 8C9A21511DE6E5F200FB9EBA /* Eureka.framework */; };
		8C9A21581DE6E5F200FB9EBA /* PermissionScope.framework in Frameworks */ = {isa = PBXBuildFile; fileRef = 8C9A21521DE6E5F200FB9EBA /* PermissionScope.framework */; };
		8C9A21591DE6E5F200FB9EBA /* SwiftyJSON.framework in Frameworks */ = {isa = PBXBuildFile; fileRef = 8C9A21531DE6E5F200FB9EBA /* SwiftyJSON.framework */; };
		8C9C83581DE1FC8900C15CF3 /* NetworkWorker.swift in Sources */ = {isa = PBXBuildFile; fileRef = 8C9C83571DE1FC8900C15CF3 /* NetworkWorker.swift */; };
		8CA78A2C1D95A73200365351 /* AppDelegate.swift in Sources */ = {isa = PBXBuildFile; fileRef = 8CA78A2B1D95A73200365351 /* AppDelegate.swift */; };
		8CA78A311D95A73300365351 /* Main.storyboard in Resources */ = {isa = PBXBuildFile; fileRef = 8CA78A2F1D95A73300365351 /* Main.storyboard */; };
		8CA78A331D95A73300365351 /* Assets.xcassets in Resources */ = {isa = PBXBuildFile; fileRef = 8CA78A321D95A73300365351 /* Assets.xcassets */; };
		8CA78A361D95A73300365351 /* LaunchScreen.storyboard in Resources */ = {isa = PBXBuildFile; fileRef = 8CA78A341D95A73300365351 /* LaunchScreen.storyboard */; };
		8CA78A3E1D95AEA600365351 /* LibraryTableViewController.swift in Sources */ = {isa = PBXBuildFile; fileRef = 8CA78A3D1D95AEA600365351 /* LibraryTableViewController.swift */; };
		8CA78A401D95AFF900365351 /* DataHolder.swift in Sources */ = {isa = PBXBuildFile; fileRef = 8CA78A3F1D95AFF900365351 /* DataHolder.swift */; };
		8CA78A421D95B04600365351 /* User.swift in Sources */ = {isa = PBXBuildFile; fileRef = 8CA78A411D95B04600365351 /* User.swift */; };
		8CA78A441D95B1D400365351 /* StartScreenViewController.swift in Sources */ = {isa = PBXBuildFile; fileRef = 8CA78A431D95B1D400365351 /* StartScreenViewController.swift */; };
		8CAB1C3A1DFC6862003611AE /* GradesListTableViewController.swift in Sources */ = {isa = PBXBuildFile; fileRef = 8CAB1C391DFC6862003611AE /* GradesListTableViewController.swift */; };
		8CAB1C3D1DFCAACD003611AE /* GradesTableViewCell.swift in Sources */ = {isa = PBXBuildFile; fileRef = 8CAB1C3C1DFCAACD003611AE /* GradesTableViewCell.swift */; };
		8CB47CEF1E0311EB00CB8409 /* PostsFixedTableViewCell.swift in Sources */ = {isa = PBXBuildFile; fileRef = 8CB47CEE1E0311EB00CB8409 /* PostsFixedTableViewCell.swift */; };
		8CB47CF11E03123800CB8409 /* PostsOutlineTableViewCell.swift in Sources */ = {isa = PBXBuildFile; fileRef = 8CB47CF01E03123800CB8409 /* PostsOutlineTableViewCell.swift */; };
		8CB47CF31E0320AC00CB8409 /* AllPostsTableViewController.swift in Sources */ = {isa = PBXBuildFile; fileRef = 8CB47CF21E0320AC00CB8409 /* AllPostsTableViewController.swift */; };
		8CB47CF51E03213700CB8409 /* Lecture.swift in Sources */ = {isa = PBXBuildFile; fileRef = 8CB47CF41E03213700CB8409 /* Lecture.swift */; };
		8CB47CF71E03253F00CB8409 /* LectureTableViewCell.swift in Sources */ = {isa = PBXBuildFile; fileRef = 8CB47CF61E03253F00CB8409 /* LectureTableViewCell.swift */; };
		8CB47EDB1E03385000CB8409 /* LectureCreationTableViewController.swift in Sources */ = {isa = PBXBuildFile; fileRef = 8CB47EDA1E03385000CB8409 /* LectureCreationTableViewController.swift */; };
		B1B60D164797151765956894 /* Pods_Estudios.framework in Frameworks */ = {isa = PBXBuildFile; fileRef = 2AF5A21A80404C052AA8FBB2 /* Pods_Estudios.framework */; };
/* End PBXBuildFile section */

/* Begin PBXFileReference section */
		184D74A57584028909612536 /* Pods-Estudios.release.xcconfig */ = {isa = PBXFileReference; includeInIndex = 1; lastKnownFileType = text.xcconfig; name = "Pods-Estudios.release.xcconfig"; path = "Pods/Target Support Files/Pods-Estudios/Pods-Estudios.release.xcconfig"; sourceTree = "<group>"; };
		2AF5A21A80404C052AA8FBB2 /* Pods_Estudios.framework */ = {isa = PBXFileReference; explicitFileType = wrapper.framework; includeInIndex = 0; path = Pods_Estudios.framework; sourceTree = BUILT_PRODUCTS_DIR; };
		8C04D14A1DCFCD8400D28905 /* Alamofire.framework */ = {isa = PBXFileReference; lastKnownFileType = wrapper.framework; name = Alamofire.framework; path = "../../Library/Developer/Xcode/DerivedData/Estudios-fcgxsnmtgvhgwhgojcnvkomopzmm/Build/Products/Debug-iphonesimulator/Alamofire/Alamofire.framework"; sourceTree = "<group>"; };
		8C04D14B1DCFCD8400D28905 /* ChameleonFramework.framework */ = {isa = PBXFileReference; lastKnownFileType = wrapper.framework; name = ChameleonFramework.framework; path = "../../Library/Developer/Xcode/DerivedData/Estudios-fcgxsnmtgvhgwhgojcnvkomopzmm/Build/Products/Debug-iphonesimulator/ChameleonFramework/ChameleonFramework.framework"; sourceTree = "<group>"; };
		8C04D14C1DCFCD8400D28905 /* DZNEmptyDataSet.framework */ = {isa = PBXFileReference; lastKnownFileType = wrapper.framework; name = DZNEmptyDataSet.framework; path = "../../Library/Developer/Xcode/DerivedData/Estudios-fcgxsnmtgvhgwhgojcnvkomopzmm/Build/Products/Debug-iphonesimulator/DZNEmptyDataSet/DZNEmptyDataSet.framework"; sourceTree = "<group>"; };
		8C04D14D1DCFCD8400D28905 /* Eureka.framework */ = {isa = PBXFileReference; lastKnownFileType = wrapper.framework; name = Eureka.framework; path = "../../Library/Developer/Xcode/DerivedData/Estudios-fcgxsnmtgvhgwhgojcnvkomopzmm/Build/Products/Debug-iphonesimulator/Eureka/Eureka.framework"; sourceTree = "<group>"; };
		8C04D14E1DCFCD8400D28905 /* PermissionScope.framework */ = {isa = PBXFileReference; lastKnownFileType = wrapper.framework; name = PermissionScope.framework; path = "../../Library/Developer/Xcode/DerivedData/Estudios-fcgxsnmtgvhgwhgojcnvkomopzmm/Build/Products/Debug-iphonesimulator/PermissionScope/PermissionScope.framework"; sourceTree = "<group>"; };
		8C04D14F1DCFCD8400D28905 /* Spring.framework */ = {isa = PBXFileReference; lastKnownFileType = wrapper.framework; name = Spring.framework; path = "Pods/../build/Debug-iphoneos/Spring/Spring.framework"; sourceTree = "<group>"; };
		8C04D1501DCFCD8400D28905 /* SVProgressHUD.framework */ = {isa = PBXFileReference; lastKnownFileType = wrapper.framework; name = SVProgressHUD.framework; path = "Pods/../build/Debug-iphoneos/SVProgressHUD/SVProgressHUD.framework"; sourceTree = "<group>"; };
		8C04D1511DCFCD8400D28905 /* SwiftyJSON.framework */ = {isa = PBXFileReference; lastKnownFileType = wrapper.framework; name = SwiftyJSON.framework; path = "Pods/../build/Debug-iphoneos/SwiftyJSON/SwiftyJSON.framework"; sourceTree = "<group>"; };
		8C0C61401DF172E900B83B10 /* TabBarViewController.swift */ = {isa = PBXFileReference; fileEncoding = 4; lastKnownFileType = sourcecode.swift; path = TabBarViewController.swift; sourceTree = "<group>"; };
		8C0C61421DF178E300B83B10 /* RegistrationTableViewController.swift */ = {isa = PBXFileReference; fileEncoding = 4; lastKnownFileType = sourcecode.swift; path = RegistrationTableViewController.swift; sourceTree = "<group>"; };
		8C3B80D71DFDEA390009762F /* RegistrationMailTableViewController.swift */ = {isa = PBXFileReference; fileEncoding = 4; lastKnownFileType = sourcecode.swift; path = RegistrationMailTableViewController.swift; sourceTree = "<group>"; };
		8C3B80D91DFDEC1B0009762F /* RegistrationPasswordTableViewController.swift */ = {isa = PBXFileReference; fileEncoding = 4; lastKnownFileType = sourcecode.swift; path = RegistrationPasswordTableViewController.swift; sourceTree = "<group>"; };
		8C3B80DB1DFDF6BB0009762F /* InfoViewController.swift */ = {isa = PBXFileReference; fileEncoding = 4; lastKnownFileType = sourcecode.swift; path = InfoViewController.swift; sourceTree = "<group>"; };
		8C4035711D991468000FB4CF /* CourseTableViewCell.swift */ = {isa = PBXFileReference; fileEncoding = 4; lastKnownFileType = sourcecode.swift; path = CourseTableViewCell.swift; sourceTree = "<group>"; };
		8C4BF9621E01F77A0097D653 /* Topic.swift */ = {isa = PBXFileReference; fileEncoding = 4; lastKnownFileType = sourcecode.swift; path = Topic.swift; sourceTree = "<group>"; };
		8C4BF9641E0204FC0097D653 /* InstructorViewController.swift */ = {isa = PBXFileReference; fileEncoding = 4; lastKnownFileType = sourcecode.swift; path = InstructorViewController.swift; sourceTree = "<group>"; };
		8C4BF9661E0206FF0097D653 /* OutlineTableViewController.swift */ = {isa = PBXFileReference; fileEncoding = 4; lastKnownFileType = sourcecode.swift; path = OutlineTableViewController.swift; sourceTree = "<group>"; };
		8C4BF9681E0207360097D653 /* OutlineTableViewCell.swift */ = {isa = PBXFileReference; fileEncoding = 4; lastKnownFileType = sourcecode.swift; path = OutlineTableViewCell.swift; sourceTree = "<group>"; };
		8C5533881DD0CA57009EBC10 /* AsyncButton.swift */ = {isa = PBXFileReference; fileEncoding = 4; lastKnownFileType = sourcecode.swift; path = AsyncButton.swift; sourceTree = "<group>"; };
		8C5533891DD0CA57009EBC10 /* AsyncImageView.swift */ = {isa = PBXFileReference; fileEncoding = 4; lastKnownFileType = sourcecode.swift; path = AsyncImageView.swift; sourceTree = "<group>"; };
		8C55338A1DD0CA57009EBC10 /* AutoTextView.swift */ = {isa = PBXFileReference; fileEncoding = 4; lastKnownFileType = sourcecode.swift; path = AutoTextView.swift; sourceTree = "<group>"; };
		8C55338B1DD0CA57009EBC10 /* BlurView.swift */ = {isa = PBXFileReference; fileEncoding = 4; lastKnownFileType = sourcecode.swift; path = BlurView.swift; sourceTree = "<group>"; };
		8C55338C1DD0CA57009EBC10 /* DesignableButton.swift */ = {isa = PBXFileReference; fileEncoding = 4; lastKnownFileType = sourcecode.swift; path = DesignableButton.swift; sourceTree = "<group>"; };
		8C55338D1DD0CA57009EBC10 /* DesignableImageView.swift */ = {isa = PBXFileReference; fileEncoding = 4; lastKnownFileType = sourcecode.swift; path = DesignableImageView.swift; sourceTree = "<group>"; };
		8C55338E1DD0CA57009EBC10 /* DesignableLabel.swift */ = {isa = PBXFileReference; fileEncoding = 4; lastKnownFileType = sourcecode.swift; path = DesignableLabel.swift; sourceTree = "<group>"; };
		8C55338F1DD0CA57009EBC10 /* DesignableTabBarController.swift */ = {isa = PBXFileReference; fileEncoding = 4; lastKnownFileType = sourcecode.swift; path = DesignableTabBarController.swift; sourceTree = "<group>"; };
		8C5533901DD0CA57009EBC10 /* DesignableTextField.swift */ = {isa = PBXFileReference; fileEncoding = 4; lastKnownFileType = sourcecode.swift; path = DesignableTextField.swift; sourceTree = "<group>"; };
		8C5533911DD0CA57009EBC10 /* DesignableTextView.swift */ = {isa = PBXFileReference; fileEncoding = 4; lastKnownFileType = sourcecode.swift; path = DesignableTextView.swift; sourceTree = "<group>"; };
		8C5533921DD0CA57009EBC10 /* DesignableView.swift */ = {isa = PBXFileReference; fileEncoding = 4; lastKnownFileType = sourcecode.swift; path = DesignableView.swift; sourceTree = "<group>"; };
		8C5533931DD0CA57009EBC10 /* ImageLoader.swift */ = {isa = PBXFileReference; fileEncoding = 4; lastKnownFileType = sourcecode.swift; path = ImageLoader.swift; sourceTree = "<group>"; };
		8C5533941DD0CA57009EBC10 /* Info.plist */ = {isa = PBXFileReference; fileEncoding = 4; lastKnownFileType = text.plist.xml; path = Info.plist; sourceTree = "<group>"; };
		8C5533951DD0CA57009EBC10 /* KeyboardLayoutConstraint.swift */ = {isa = PBXFileReference; fileEncoding = 4; lastKnownFileType = sourcecode.swift; path = KeyboardLayoutConstraint.swift; sourceTree = "<group>"; };
		8C5533961DD0CA57009EBC10 /* LoadingView.swift */ = {isa = PBXFileReference; fileEncoding = 4; lastKnownFileType = sourcecode.swift; path = LoadingView.swift; sourceTree = "<group>"; };
		8C5533971DD0CA57009EBC10 /* LoadingView.xib */ = {isa = PBXFileReference; fileEncoding = 4; lastKnownFileType = file.xib; path = LoadingView.xib; sourceTree = "<group>"; };
		8C5533981DD0CA57009EBC10 /* Misc.swift */ = {isa = PBXFileReference; fileEncoding = 4; lastKnownFileType = sourcecode.swift; path = Misc.swift; sourceTree = "<group>"; };
		8C5533991DD0CA57009EBC10 /* SoundPlayer.swift */ = {isa = PBXFileReference; fileEncoding = 4; lastKnownFileType = sourcecode.swift; path = SoundPlayer.swift; sourceTree = "<group>"; };
		8C55339A1DD0CA57009EBC10 /* Spring.h */ = {isa = PBXFileReference; fileEncoding = 4; lastKnownFileType = sourcecode.c.h; path = Spring.h; sourceTree = "<group>"; };
		8C55339B1DD0CA57009EBC10 /* Spring.swift */ = {isa = PBXFileReference; fileEncoding = 4; lastKnownFileType = sourcecode.swift; path = Spring.swift; sourceTree = "<group>"; };
		8C55339C1DD0CA57009EBC10 /* SpringAnimation.swift */ = {isa = PBXFileReference; fileEncoding = 4; lastKnownFileType = sourcecode.swift; path = SpringAnimation.swift; sourceTree = "<group>"; };
		8C55339D1DD0CA57009EBC10 /* SpringButton.swift */ = {isa = PBXFileReference; fileEncoding = 4; lastKnownFileType = sourcecode.swift; path = SpringButton.swift; sourceTree = "<group>"; };
		8C55339E1DD0CA57009EBC10 /* SpringImageView.swift */ = {isa = PBXFileReference; fileEncoding = 4; lastKnownFileType = sourcecode.swift; path = SpringImageView.swift; sourceTree = "<group>"; };
		8C55339F1DD0CA57009EBC10 /* SpringLabel.swift */ = {isa = PBXFileReference; fileEncoding = 4; lastKnownFileType = sourcecode.swift; path = SpringLabel.swift; sourceTree = "<group>"; };
		8C5533A01DD0CA57009EBC10 /* SpringTextField.swift */ = {isa = PBXFileReference; fileEncoding = 4; lastKnownFileType = sourcecode.swift; path = SpringTextField.swift; sourceTree = "<group>"; };
		8C5533A11DD0CA57009EBC10 /* SpringTextView.swift */ = {isa = PBXFileReference; fileEncoding = 4; lastKnownFileType = sourcecode.swift; path = SpringTextView.swift; sourceTree = "<group>"; };
		8C5533A21DD0CA57009EBC10 /* SpringView.swift */ = {isa = PBXFileReference; fileEncoding = 4; lastKnownFileType = sourcecode.swift; path = SpringView.swift; sourceTree = "<group>"; };
		8C5533A31DD0CA57009EBC10 /* TransitionManager.swift */ = {isa = PBXFileReference; fileEncoding = 4; lastKnownFileType = sourcecode.swift; path = TransitionManager.swift; sourceTree = "<group>"; };
		8C5533A41DD0CA57009EBC10 /* TransitionZoom.swift */ = {isa = PBXFileReference; fileEncoding = 4; lastKnownFileType = sourcecode.swift; path = TransitionZoom.swift; sourceTree = "<group>"; };
		8C5533A51DD0CA57009EBC10 /* UnwindSegue.swift */ = {isa = PBXFileReference; fileEncoding = 4; lastKnownFileType = sourcecode.swift; path = UnwindSegue.swift; sourceTree = "<group>"; };
		8C5562671D971D75000B296F /* AccountTableViewController.swift */ = {isa = PBXFileReference; fileEncoding = 4; lastKnownFileType = sourcecode.swift; path = AccountTableViewController.swift; sourceTree = "<group>"; };
		8C5CB4F51DEE481500B46D0B /* PostsTableViewController.swift */ = {isa = PBXFileReference; fileEncoding = 4; lastKnownFileType = sourcecode.swift; path = PostsTableViewController.swift; sourceTree = "<group>"; };
		8C621C141DEE235D0050596C /* OverviewMasterTableViewController.swift */ = {isa = PBXFileReference; fileEncoding = 4; lastKnownFileType = sourcecode.swift; path = OverviewMasterTableViewController.swift; sourceTree = "<group>"; };
		8C7981F41DA19520008954B9 /* Course.swift */ = {isa = PBXFileReference; fileEncoding = 4; lastKnownFileType = sourcecode.swift; path = Course.swift; sourceTree = "<group>"; };
		8C8C77F41DEC87FD00BD563A /* OverviewViewController.swift */ = {isa = PBXFileReference; fileEncoding = 4; lastKnownFileType = sourcecode.swift; path = OverviewViewController.swift; sourceTree = "<group>"; };
		8C97DAFD1DD5C0BB003B5C37 /* CourseCreationTableViewController.swift */ = {isa = PBXFileReference; fileEncoding = 4; lastKnownFileType = sourcecode.swift; path = CourseCreationTableViewController.swift; sourceTree = "<group>"; };
		8C97DAFF1DD6415F003B5C37 /* CourseCreationFormViewController.swift */ = {isa = PBXFileReference; fileEncoding = 4; lastKnownFileType = sourcecode.swift; path = CourseCreationFormViewController.swift; sourceTree = "<group>"; };
		8C9A214E1DE6E5F200FB9EBA /* Alamofire.framework */ = {isa = PBXFileReference; lastKnownFileType = wrapper.framework; name = Alamofire.framework; path = "../../Library/Developer/Xcode/DerivedData/Estudios-fcgxsnmtgvhgwhgojcnvkomopzmm/Build/Products/Debug-iphoneos/Alamofire/Alamofire.framework"; sourceTree = "<group>"; };
		8C9A214F1DE6E5F200FB9EBA /* ChameleonFramework.framework */ = {isa = PBXFileReference; lastKnownFileType = wrapper.framework; name = ChameleonFramework.framework; path = "Pods/../build/Debug-iphoneos/ChameleonFramework/ChameleonFramework.framework"; sourceTree = "<group>"; };
		8C9A21501DE6E5F200FB9EBA /* DZNEmptyDataSet.framework */ = {isa = PBXFileReference; lastKnownFileType = wrapper.framework; name = DZNEmptyDataSet.framework; path = "Pods/../build/Debug-iphoneos/DZNEmptyDataSet/DZNEmptyDataSet.framework"; sourceTree = "<group>"; };
		8C9A21511DE6E5F200FB9EBA /* Eureka.framework */ = {isa = PBXFileReference; lastKnownFileType = wrapper.framework; name = Eureka.framework; path = "../../Library/Developer/Xcode/DerivedData/Estudios-fcgxsnmtgvhgwhgojcnvkomopzmm/Build/Products/Debug-iphoneos/Eureka/Eureka.framework"; sourceTree = "<group>"; };
		8C9A21521DE6E5F200FB9EBA /* PermissionScope.framework */ = {isa = PBXFileReference; lastKnownFileType = wrapper.framework; name = PermissionScope.framework; path = "../../Library/Developer/Xcode/DerivedData/Estudios-fcgxsnmtgvhgwhgojcnvkomopzmm/Build/Products/Debug-iphoneos/PermissionScope/PermissionScope.framework"; sourceTree = "<group>"; };
		8C9A21531DE6E5F200FB9EBA /* SwiftyJSON.framework */ = {isa = PBXFileReference; lastKnownFileType = wrapper.framework; name = SwiftyJSON.framework; path = "../../Library/Developer/Xcode/DerivedData/Estudios-fcgxsnmtgvhgwhgojcnvkomopzmm/Build/Products/Debug-iphoneos/SwiftyJSON/SwiftyJSON.framework"; sourceTree = "<group>"; };
		8C9C83571DE1FC8900C15CF3 /* NetworkWorker.swift */ = {isa = PBXFileReference; fileEncoding = 4; lastKnownFileType = sourcecode.swift; path = NetworkWorker.swift; sourceTree = "<group>"; };
		8CA78A281D95A73200365351 /* Estudios.app */ = {isa = PBXFileReference; explicitFileType = wrapper.application; includeInIndex = 0; path = Estudios.app; sourceTree = BUILT_PRODUCTS_DIR; };
		8CA78A2B1D95A73200365351 /* AppDelegate.swift */ = {isa = PBXFileReference; lastKnownFileType = sourcecode.swift; path = AppDelegate.swift; sourceTree = "<group>"; };
		8CA78A301D95A73300365351 /* Base */ = {isa = PBXFileReference; lastKnownFileType = file.storyboard; name = Base; path = Base.lproj/Main.storyboard; sourceTree = "<group>"; };
		8CA78A321D95A73300365351 /* Assets.xcassets */ = {isa = PBXFileReference; lastKnownFileType = folder.assetcatalog; path = Assets.xcassets; sourceTree = "<group>"; };
		8CA78A351D95A73300365351 /* Base */ = {isa = PBXFileReference; lastKnownFileType = file.storyboard; name = Base; path = Base.lproj/LaunchScreen.storyboard; sourceTree = "<group>"; };
		8CA78A371D95A73300365351 /* Info.plist */ = {isa = PBXFileReference; lastKnownFileType = text.plist.xml; path = Info.plist; sourceTree = "<group>"; };
		8CA78A3D1D95AEA600365351 /* LibraryTableViewController.swift */ = {isa = PBXFileReference; fileEncoding = 4; lastKnownFileType = sourcecode.swift; path = LibraryTableViewController.swift; sourceTree = "<group>"; };
		8CA78A3F1D95AFF900365351 /* DataHolder.swift */ = {isa = PBXFileReference; fileEncoding = 4; lastKnownFileType = sourcecode.swift; path = DataHolder.swift; sourceTree = "<group>"; };
		8CA78A411D95B04600365351 /* User.swift */ = {isa = PBXFileReference; fileEncoding = 4; lastKnownFileType = sourcecode.swift; path = User.swift; sourceTree = "<group>"; };
		8CA78A431D95B1D400365351 /* StartScreenViewController.swift */ = {isa = PBXFileReference; fileEncoding = 4; lastKnownFileType = sourcecode.swift; path = StartScreenViewController.swift; sourceTree = "<group>"; };
		8CAB1C391DFC6862003611AE /* GradesListTableViewController.swift */ = {isa = PBXFileReference; fileEncoding = 4; lastKnownFileType = sourcecode.swift; path = GradesListTableViewController.swift; sourceTree = "<group>"; };
		8CAB1C3C1DFCAACD003611AE /* GradesTableViewCell.swift */ = {isa = PBXFileReference; fileEncoding = 4; lastKnownFileType = sourcecode.swift; path = GradesTableViewCell.swift; sourceTree = "<group>"; };
		8CB47CEE1E0311EB00CB8409 /* PostsFixedTableViewCell.swift */ = {isa = PBXFileReference; fileEncoding = 4; lastKnownFileType = sourcecode.swift; path = PostsFixedTableViewCell.swift; sourceTree = "<group>"; };
		8CB47CF01E03123800CB8409 /* PostsOutlineTableViewCell.swift */ = {isa = PBXFileReference; fileEncoding = 4; lastKnownFileType = sourcecode.swift; path = PostsOutlineTableViewCell.swift; sourceTree = "<group>"; };
		8CB47CF21E0320AC00CB8409 /* AllPostsTableViewController.swift */ = {isa = PBXFileReference; fileEncoding = 4; lastKnownFileType = sourcecode.swift; path = AllPostsTableViewController.swift; sourceTree = "<group>"; };
		8CB47CF41E03213700CB8409 /* Lecture.swift */ = {isa = PBXFileReference; fileEncoding = 4; lastKnownFileType = sourcecode.swift; path = Lecture.swift; sourceTree = "<group>"; };
		8CB47CF61E03253F00CB8409 /* LectureTableViewCell.swift */ = {isa = PBXFileReference; fileEncoding = 4; lastKnownFileType = sourcecode.swift; path = LectureTableViewCell.swift; sourceTree = "<group>"; };
		8CB47EDA1E03385000CB8409 /* LectureCreationTableViewController.swift */ = {isa = PBXFileReference; fileEncoding = 4; lastKnownFileType = sourcecode.swift; path = LectureCreationTableViewController.swift; sourceTree = "<group>"; };
		A0D39204B9385B9F4DF28C01 /* Pods-Estudios.debug.xcconfig */ = {isa = PBXFileReference; includeInIndex = 1; lastKnownFileType = text.xcconfig; name = "Pods-Estudios.debug.xcconfig"; path = "Pods/Target Support Files/Pods-Estudios/Pods-Estudios.debug.xcconfig"; sourceTree = "<group>"; };
/* End PBXFileReference section */

/* Begin PBXFrameworksBuildPhase section */
		8CA78A251D95A73200365351 /* Frameworks */ = {
			isa = PBXFrameworksBuildPhase;
			buildActionMask = 2147483647;
			files = (
				8C9A21541DE6E5F200FB9EBA /* Alamofire.framework in Frameworks */,
				8C9A21551DE6E5F200FB9EBA /* ChameleonFramework.framework in Frameworks */,
				8C9A21561DE6E5F200FB9EBA /* DZNEmptyDataSet.framework in Frameworks */,
				8C9A21571DE6E5F200FB9EBA /* Eureka.framework in Frameworks */,
				8C9A21581DE6E5F200FB9EBA /* PermissionScope.framework in Frameworks */,
				8C9A21591DE6E5F200FB9EBA /* SwiftyJSON.framework in Frameworks */,
				B1B60D164797151765956894 /* Pods_Estudios.framework in Frameworks */,
			);
			runOnlyForDeploymentPostprocessing = 0;
		};
/* End PBXFrameworksBuildPhase section */

/* Begin PBXGroup section */
		0C1DC1DCEB024E3E47538712 /* Pods */ = {
			isa = PBXGroup;
			children = (
				A0D39204B9385B9F4DF28C01 /* Pods-Estudios.debug.xcconfig */,
				184D74A57584028909612536 /* Pods-Estudios.release.xcconfig */,
			);
			name = Pods;
			sourceTree = "<group>";
		};
		64B490BEFCD60C43B8B7457A /* Frameworks */ = {
			isa = PBXGroup;
			children = (
				8C9A214E1DE6E5F200FB9EBA /* Alamofire.framework */,
				8C9A214F1DE6E5F200FB9EBA /* ChameleonFramework.framework */,
				8C9A21501DE6E5F200FB9EBA /* DZNEmptyDataSet.framework */,
				8C9A21511DE6E5F200FB9EBA /* Eureka.framework */,
				8C9A21521DE6E5F200FB9EBA /* PermissionScope.framework */,
				8C9A21531DE6E5F200FB9EBA /* SwiftyJSON.framework */,
				8C04D14A1DCFCD8400D28905 /* Alamofire.framework */,
				8C04D14B1DCFCD8400D28905 /* ChameleonFramework.framework */,
				8C04D14C1DCFCD8400D28905 /* DZNEmptyDataSet.framework */,
				8C04D14D1DCFCD8400D28905 /* Eureka.framework */,
				8C04D14E1DCFCD8400D28905 /* PermissionScope.framework */,
				8C04D14F1DCFCD8400D28905 /* Spring.framework */,
				8C04D1501DCFCD8400D28905 /* SVProgressHUD.framework */,
				8C04D1511DCFCD8400D28905 /* SwiftyJSON.framework */,
				2AF5A21A80404C052AA8FBB2 /* Pods_Estudios.framework */,
			);
			name = Frameworks;
			sourceTree = "<group>";
		};
		8C0C61441DF178EB00B83B10 /* Registration */ = {
			isa = PBXGroup;
			children = (
				8C3B80D91DFDEC1B0009762F /* RegistrationPasswordTableViewController.swift */,
				8C3B80D71DFDEA390009762F /* RegistrationMailTableViewController.swift */,
				8C0C61421DF178E300B83B10 /* RegistrationTableViewController.swift */,
			);
			name = Registration;
			sourceTree = "<group>";
		};
		8C54B1691DEB906500E03B1C /* Authentification */ = {
			isa = PBXGroup;
			children = (
				8CA78A431D95B1D400365351 /* StartScreenViewController.swift */,
			);
			name = Authentification;
			sourceTree = "<group>";
		};
		8C54B16A1DEB908400E03B1C /* Courses List */ = {
			isa = PBXGroup;
			children = (
				8CA78A3D1D95AEA600365351 /* LibraryTableViewController.swift */,
				8C4035711D991468000FB4CF /* CourseTableViewCell.swift */,
				8C5562671D971D75000B296F /* AccountTableViewController.swift */,
			);
			name = "Courses List";
			sourceTree = "<group>";
		};
		8C54B16B1DEB909200E03B1C /* Course Creation */ = {
			isa = PBXGroup;
			children = (
				8C97DAFD1DD5C0BB003B5C37 /* CourseCreationTableViewController.swift */,
				8C97DAFF1DD6415F003B5C37 /* CourseCreationFormViewController.swift */,
			);
			name = "Course Creation";
			sourceTree = "<group>";
		};
		8C5533871DD0CA57009EBC10 /* Spring */ = {
			isa = PBXGroup;
			children = (
				8C5533881DD0CA57009EBC10 /* AsyncButton.swift */,
				8C5533891DD0CA57009EBC10 /* AsyncImageView.swift */,
				8C55338A1DD0CA57009EBC10 /* AutoTextView.swift */,
				8C55338B1DD0CA57009EBC10 /* BlurView.swift */,
				8C55338C1DD0CA57009EBC10 /* DesignableButton.swift */,
				8C55338D1DD0CA57009EBC10 /* DesignableImageView.swift */,
				8C55338E1DD0CA57009EBC10 /* DesignableLabel.swift */,
				8C55338F1DD0CA57009EBC10 /* DesignableTabBarController.swift */,
				8C5533901DD0CA57009EBC10 /* DesignableTextField.swift */,
				8C5533911DD0CA57009EBC10 /* DesignableTextView.swift */,
				8C5533921DD0CA57009EBC10 /* DesignableView.swift */,
				8C5533931DD0CA57009EBC10 /* ImageLoader.swift */,
				8C5533941DD0CA57009EBC10 /* Info.plist */,
				8C5533951DD0CA57009EBC10 /* KeyboardLayoutConstraint.swift */,
				8C5533961DD0CA57009EBC10 /* LoadingView.swift */,
				8C5533971DD0CA57009EBC10 /* LoadingView.xib */,
				8C5533981DD0CA57009EBC10 /* Misc.swift */,
				8C5533991DD0CA57009EBC10 /* SoundPlayer.swift */,
				8C55339A1DD0CA57009EBC10 /* Spring.h */,
				8C55339B1DD0CA57009EBC10 /* Spring.swift */,
				8C55339C1DD0CA57009EBC10 /* SpringAnimation.swift */,
				8C55339D1DD0CA57009EBC10 /* SpringButton.swift */,
				8C55339E1DD0CA57009EBC10 /* SpringImageView.swift */,
				8C55339F1DD0CA57009EBC10 /* SpringLabel.swift */,
				8C5533A01DD0CA57009EBC10 /* SpringTextField.swift */,
				8C5533A11DD0CA57009EBC10 /* SpringTextView.swift */,
				8C5533A21DD0CA57009EBC10 /* SpringView.swift */,
				8C5533A31DD0CA57009EBC10 /* TransitionManager.swift */,
				8C5533A41DD0CA57009EBC10 /* TransitionZoom.swift */,
				8C5533A51DD0CA57009EBC10 /* UnwindSegue.swift */,
			);
			path = Spring;
			sourceTree = "<group>";
		};
		8C5CB4F71DEE481F00B46D0B /* Posts */ = {
			isa = PBXGroup;
			children = (
				8CB47CF21E0320AC00CB8409 /* AllPostsTableViewController.swift */,
				8CB47EDA1E03385000CB8409 /* LectureCreationTableViewController.swift */,
				8C5CB4F51DEE481500B46D0B /* PostsTableViewController.swift */,
				8CB47CEE1E0311EB00CB8409 /* PostsFixedTableViewCell.swift */,
				8CB47CF01E03123800CB8409 /* PostsOutlineTableViewCell.swift */,
				8CB47CF61E03253F00CB8409 /* LectureTableViewCell.swift */,
			);
			name = Posts;
			sourceTree = "<group>";
		};
		8C7B58DB1DCFC0E8005A6923 /* Assets */ = {
			isa = PBXGroup;
			children = (
				8CA78A2B1D95A73200365351 /* AppDelegate.swift */,
				8CA78A321D95A73300365351 /* Assets.xcassets */,
				8CA78A341D95A73300365351 /* LaunchScreen.storyboard */,
				8CA78A371D95A73300365351 /* Info.plist */,
			);
			name = Assets;
			sourceTree = "<group>";
		};
		8C7B58DC1DCFC10F005A6923 /* Model */ = {
			isa = PBXGroup;
			children = (
				8C9C83571DE1FC8900C15CF3 /* NetworkWorker.swift */,
				8C4BF9621E01F77A0097D653 /* Topic.swift */,
				8CA78A411D95B04600365351 /* User.swift */,
				8C7981F41DA19520008954B9 /* Course.swift */,
				8CB47CF41E03213700CB8409 /* Lecture.swift */,
				8CA78A3F1D95AFF900365351 /* DataHolder.swift */,
			);
			name = Model;
			sourceTree = "<group>";
		};
		8C8C77F61DEC882400BD563A /* Course View */ = {
			isa = PBXGroup;
			children = (
				8C0C61401DF172E900B83B10 /* TabBarViewController.swift */,
				8C8C77F71DEC883200BD563A /* Overview */,
				8C5CB4F71DEE481F00B46D0B /* Posts */,
				8CAB1C3B1DFC686C003611AE /* Grades */,
			);
			name = "Course View";
			sourceTree = "<group>";
		};
		8C8C77F71DEC883200BD563A /* Overview */ = {
			isa = PBXGroup;
			children = (
				8C621C141DEE235D0050596C /* OverviewMasterTableViewController.swift */,
				8C3B80DB1DFDF6BB0009762F /* InfoViewController.swift */,
				8C4BF9641E0204FC0097D653 /* InstructorViewController.swift */,
				8C4BF9661E0206FF0097D653 /* OutlineTableViewController.swift */,
				8C4BF9681E0207360097D653 /* OutlineTableViewCell.swift */,
				8C8C77F41DEC87FD00BD563A /* OverviewViewController.swift */,
			);
			name = Overview;
			sourceTree = "<group>";
		};
		8CA78A1F1D95A73200365351 = {
			isa = PBXGroup;
			children = (
				8CA78A2A1D95A73200365351 /* Estudios */,
				8CA78A291D95A73200365351 /* Products */,
				0C1DC1DCEB024E3E47538712 /* Pods */,
				64B490BEFCD60C43B8B7457A /* Frameworks */,
			);
			sourceTree = "<group>";
		};
		8CA78A291D95A73200365351 /* Products */ = {
			isa = PBXGroup;
			children = (
				8CA78A281D95A73200365351 /* Estudios.app */,
			);
			name = Products;
			sourceTree = "<group>";
		};
		8CA78A2A1D95A73200365351 /* Estudios */ = {
			isa = PBXGroup;
			children = (
				8CA78A2F1D95A73300365351 /* Main.storyboard */,
				8C0C61441DF178EB00B83B10 /* Registration */,
				8C54B1691DEB906500E03B1C /* Authentification */,
				8C54B16A1DEB908400E03B1C /* Courses List */,
				8C8C77F61DEC882400BD563A /* Course View */,
				8C54B16B1DEB909200E03B1C /* Course Creation */,
				8C7B58DC1DCFC10F005A6923 /* Model */,
				8C7B58DB1DCFC0E8005A6923 /* Assets */,
				8C5533871DD0CA57009EBC10 /* Spring */,
			);
			path = Estudios;
			sourceTree = "<group>";
		};
		8CAB1C3B1DFC686C003611AE /* Grades */ = {
			isa = PBXGroup;
			children = (
				8CAB1C3C1DFCAACD003611AE /* GradesTableViewCell.swift */,
				8CAB1C391DFC6862003611AE /* GradesListTableViewController.swift */,
			);
			name = Grades;
			sourceTree = "<group>";
		};
/* End PBXGroup section */

/* Begin PBXNativeTarget section */
		8CA78A271D95A73200365351 /* Estudios */ = {
			isa = PBXNativeTarget;
			buildConfigurationList = 8CA78A3A1D95A73300365351 /* Build configuration list for PBXNativeTarget "Estudios" */;
			buildPhases = (
				7D8F14069276B7AA889E301C /* 📦 Check Pods Manifest.lock */,
				3FB749221275A77493C99422 /* [CP] Check Pods Manifest.lock */,
				8CA78A241D95A73200365351 /* Sources */,
				8CA78A251D95A73200365351 /* Frameworks */,
				8CA78A261D95A73200365351 /* Resources */,
				2241FA0C092D95392C93F1F0 /* [CP] Embed Pods Frameworks */,
				63BA507F84A62E8707327B55 /* [CP] Copy Pods Resources */,
				D0BF0659666EBDCEFA62D430 /* 📦 Embed Pods Frameworks */,
				14B2021ADC4C5C73B15770F7 /* 📦 Copy Pods Resources */,
			);
			buildRules = (
			);
			dependencies = (
			);
			name = Estudios;
			productName = Estudios;
			productReference = 8CA78A281D95A73200365351 /* Estudios.app */;
			productType = "com.apple.product-type.application";
		};
/* End PBXNativeTarget section */

/* Begin PBXProject section */
		8CA78A201D95A73200365351 /* Project object */ = {
			isa = PBXProject;
			attributes = {
				LastSwiftUpdateCheck = 0800;
				LastUpgradeCheck = 0810;
				ORGANIZATIONNAME = "Sergey Popov";
				TargetAttributes = {
					8CA78A271D95A73200365351 = {
						CreatedOnToolsVersion = 8.0;
						DevelopmentTeam = 869HSEDS8L;
						LastSwiftMigration = 0810;
						ProvisioningStyle = Automatic;
					};
				};
			};
			buildConfigurationList = 8CA78A231D95A73200365351 /* Build configuration list for PBXProject "Estudios" */;
			compatibilityVersion = "Xcode 3.2";
			developmentRegion = English;
			hasScannedForEncodings = 0;
			knownRegions = (
				en,
				Base,
			);
			mainGroup = 8CA78A1F1D95A73200365351;
			productRefGroup = 8CA78A291D95A73200365351 /* Products */;
			projectDirPath = "";
			projectRoot = "";
			targets = (
				8CA78A271D95A73200365351 /* Estudios */,
			);
		};
/* End PBXProject section */

/* Begin PBXResourcesBuildPhase section */
		8CA78A261D95A73200365351 /* Resources */ = {
			isa = PBXResourcesBuildPhase;
			buildActionMask = 2147483647;
			files = (
				8C5533B21DD0CA57009EBC10 /* Info.plist in Resources */,
				8CA78A361D95A73300365351 /* LaunchScreen.storyboard in Resources */,
				8CA78A331D95A73300365351 /* Assets.xcassets in Resources */,
				8CA78A311D95A73300365351 /* Main.storyboard in Resources */,
				8C5533B51DD0CA57009EBC10 /* LoadingView.xib in Resources */,
			);
			runOnlyForDeploymentPostprocessing = 0;
		};
/* End PBXResourcesBuildPhase section */

/* Begin PBXShellScriptBuildPhase section */
		14B2021ADC4C5C73B15770F7 /* 📦 Copy Pods Resources */ = {
			isa = PBXShellScriptBuildPhase;
			buildActionMask = 2147483647;
			files = (
			);
			inputPaths = (
			);
			name = "📦 Copy Pods Resources";
			outputPaths = (
			);
			runOnlyForDeploymentPostprocessing = 0;
			shellPath = /bin/sh;
			shellScript = "\"${SRCROOT}/Pods/Target Support Files/Pods-Estudios/Pods-Estudios-resources.sh\"\n";
			showEnvVarsInLog = 0;
		};
		2241FA0C092D95392C93F1F0 /* [CP] Embed Pods Frameworks */ = {
			isa = PBXShellScriptBuildPhase;
			buildActionMask = 2147483647;
			files = (
			);
			inputPaths = (
			);
			name = "[CP] Embed Pods Frameworks";
			outputPaths = (
			);
			runOnlyForDeploymentPostprocessing = 0;
			shellPath = /bin/sh;
			shellScript = "\"${SRCROOT}/Pods/Target Support Files/Pods-Estudios/Pods-Estudios-frameworks.sh\"\n";
			showEnvVarsInLog = 0;
		};
		3FB749221275A77493C99422 /* [CP] Check Pods Manifest.lock */ = {
			isa = PBXShellScriptBuildPhase;
			buildActionMask = 2147483647;
			files = (
			);
			inputPaths = (
			);
			name = "[CP] Check Pods Manifest.lock";
			outputPaths = (
			);
			runOnlyForDeploymentPostprocessing = 0;
			shellPath = /bin/sh;
			shellScript = "diff \"${PODS_ROOT}/../Podfile.lock\" \"${PODS_ROOT}/Manifest.lock\" > /dev/null\nif [ $? != 0 ] ; then\n    # print error to STDERR\n    echo \"error: The sandbox is not in sync with the Podfile.lock. Run 'pod install' or update your CocoaPods installation.\" >&2\n    exit 1\nfi\n";
			showEnvVarsInLog = 0;
		};
		63BA507F84A62E8707327B55 /* [CP] Copy Pods Resources */ = {
			isa = PBXShellScriptBuildPhase;
			buildActionMask = 2147483647;
			files = (
			);
			inputPaths = (
			);
			name = "[CP] Copy Pods Resources";
			outputPaths = (
			);
			runOnlyForDeploymentPostprocessing = 0;
			shellPath = /bin/sh;
			shellScript = "\"${SRCROOT}/Pods/Target Support Files/Pods-Estudios/Pods-Estudios-resources.sh\"\n";
			showEnvVarsInLog = 0;
		};
		7D8F14069276B7AA889E301C /* 📦 Check Pods Manifest.lock */ = {
			isa = PBXShellScriptBuildPhase;
			buildActionMask = 2147483647;
			files = (
			);
			inputPaths = (
			);
			name = "📦 Check Pods Manifest.lock";
			outputPaths = (
			);
			runOnlyForDeploymentPostprocessing = 0;
			shellPath = /bin/sh;
			shellScript = "diff \"${PODS_ROOT}/../Podfile.lock\" \"${PODS_ROOT}/Manifest.lock\" > /dev/null\nif [[ $? != 0 ]] ; then\n    cat << EOM\nerror: The sandbox is not in sync with the Podfile.lock. Run 'pod install' or update your CocoaPods installation.\nEOM\n    exit 1\nfi\n";
			showEnvVarsInLog = 0;
		};
		D0BF0659666EBDCEFA62D430 /* 📦 Embed Pods Frameworks */ = {
			isa = PBXShellScriptBuildPhase;
			buildActionMask = 2147483647;
			files = (
			);
			inputPaths = (
			);
			name = "📦 Embed Pods Frameworks";
			outputPaths = (
			);
			runOnlyForDeploymentPostprocessing = 0;
			shellPath = /bin/sh;
			shellScript = "\"${SRCROOT}/Pods/Target Support Files/Pods-Estudios/Pods-Estudios-frameworks.sh\"\n";
			showEnvVarsInLog = 0;
		};
/* End PBXShellScriptBuildPhase section */

/* Begin PBXSourcesBuildPhase section */
		8CA78A241D95A73200365351 /* Sources */ = {
			isa = PBXSourcesBuildPhase;
			buildActionMask = 2147483647;
			files = (
				8C5533B71DD0CA57009EBC10 /* SoundPlayer.swift in Sources */,
				8C5533AB1DD0CA57009EBC10 /* DesignableImageView.swift in Sources */,
				8C5533A61DD0CA57009EBC10 /* AsyncButton.swift in Sources */,
				8C5533A91DD0CA57009EBC10 /* BlurView.swift in Sources */,
				8CB47CF51E03213700CB8409 /* Lecture.swift in Sources */,
				8CAB1C3A1DFC6862003611AE /* GradesListTableViewController.swift in Sources */,
				8C0C61411DF172E900B83B10 /* TabBarViewController.swift in Sources */,
				8C7981F51DA19520008954B9 /* Course.swift in Sources */,
				8C4035721D991468000FB4CF /* CourseTableViewCell.swift in Sources */,
				8C4BF9671E0206FF0097D653 /* OutlineTableViewController.swift in Sources */,
				8C5533BE1DD0CA57009EBC10 /* SpringTextView.swift in Sources */,
				8C5533B41DD0CA57009EBC10 /* LoadingView.swift in Sources */,
				8C5533C21DD0CA57009EBC10 /* UnwindSegue.swift in Sources */,
				8CA78A421D95B04600365351 /* User.swift in Sources */,
				8C5533A81DD0CA57009EBC10 /* AutoTextView.swift in Sources */,
				8C3B80DA1DFDEC1B0009762F /* RegistrationPasswordTableViewController.swift in Sources */,
				8C5CB4F61DEE481500B46D0B /* PostsTableViewController.swift in Sources */,
				8CB47CEF1E0311EB00CB8409 /* PostsFixedTableViewCell.swift in Sources */,
				8C5533B61DD0CA57009EBC10 /* Misc.swift in Sources */,
				8C621C151DEE235D0050596C /* OverviewMasterTableViewController.swift in Sources */,
				8C3B80DC1DFDF6BB0009762F /* InfoViewController.swift in Sources */,
				8CA78A3E1D95AEA600365351 /* LibraryTableViewController.swift in Sources */,
				8C5533B91DD0CA57009EBC10 /* SpringAnimation.swift in Sources */,
				8C5533BD1DD0CA57009EBC10 /* SpringTextField.swift in Sources */,
				8C0C61431DF178E300B83B10 /* RegistrationTableViewController.swift in Sources */,
				8C3B80D81DFDEA390009762F /* RegistrationMailTableViewController.swift in Sources */,
				8CB47CF31E0320AC00CB8409 /* AllPostsTableViewController.swift in Sources */,
				8C5533AE1DD0CA57009EBC10 /* DesignableTextField.swift in Sources */,
				8C5562681D971D75000B296F /* AccountTableViewController.swift in Sources */,
				8C97DAFE1DD5C0BB003B5C37 /* CourseCreationTableViewController.swift in Sources */,
				8C5533C01DD0CA57009EBC10 /* TransitionManager.swift in Sources */,
				8CB47CF71E03253F00CB8409 /* LectureTableViewCell.swift in Sources */,
				8C5533AA1DD0CA57009EBC10 /* DesignableButton.swift in Sources */,
				8CAB1C3D1DFCAACD003611AE /* GradesTableViewCell.swift in Sources */,
				8C4BF9651E0204FC0097D653 /* InstructorViewController.swift in Sources */,
				8CB47EDB1E03385000CB8409 /* LectureCreationTableViewController.swift in Sources */,
				8C5533BC1DD0CA57009EBC10 /* SpringLabel.swift in Sources */,
				8C4BF9631E01F77A0097D653 /* Topic.swift in Sources */,
				8C5533B01DD0CA57009EBC10 /* DesignableView.swift in Sources */,
				8CA78A401D95AFF900365351 /* DataHolder.swift in Sources */,
				8C5533BB1DD0CA57009EBC10 /* SpringImageView.swift in Sources */,
				8C4BF9691E0207360097D653 /* OutlineTableViewCell.swift in Sources */,
				8CA78A2C1D95A73200365351 /* AppDelegate.swift in Sources */,
				8C5533B81DD0CA57009EBC10 /* Spring.swift in Sources */,
				8C5533BF1DD0CA57009EBC10 /* SpringView.swift in Sources */,
				8CA78A441D95B1D400365351 /* StartScreenViewController.swift in Sources */,
				8C5533AC1DD0CA57009EBC10 /* DesignableLabel.swift in Sources */,
				8C5533C11DD0CA57009EBC10 /* TransitionZoom.swift in Sources */,
				8CB47CF11E03123800CB8409 /* PostsOutlineTableViewCell.swift in Sources */,
				8C5533B11DD0CA57009EBC10 /* ImageLoader.swift in Sources */,
				8C97DB001DD6415F003B5C37 /* CourseCreationFormViewController.swift in Sources */,
				8C5533AF1DD0CA57009EBC10 /* DesignableTextView.swift in Sources */,
				8C5533B31DD0CA57009EBC10 /* KeyboardLayoutConstraint.swift in Sources */,
				8C5533BA1DD0CA57009EBC10 /* SpringButton.swift in Sources */,
				8C5533AD1DD0CA57009EBC10 /* DesignableTabBarController.swift in Sources */,
				8C8C77F51DEC87FD00BD563A /* OverviewViewController.swift in Sources */,
				8C5533A71DD0CA57009EBC10 /* AsyncImageView.swift in Sources */,
				8C9C83581DE1FC8900C15CF3 /* NetworkWorker.swift in Sources */,
			);
			runOnlyForDeploymentPostprocessing = 0;
		};
/* End PBXSourcesBuildPhase section */

/* Begin PBXVariantGroup section */
		8CA78A2F1D95A73300365351 /* Main.storyboard */ = {
			isa = PBXVariantGroup;
			children = (
				8CA78A301D95A73300365351 /* Base */,
			);
			name = Main.storyboard;
			sourceTree = "<group>";
		};
		8CA78A341D95A73300365351 /* LaunchScreen.storyboard */ = {
			isa = PBXVariantGroup;
			children = (
				8CA78A351D95A73300365351 /* Base */,
			);
			name = LaunchScreen.storyboard;
			sourceTree = "<group>";
		};
/* End PBXVariantGroup section */

/* Begin XCBuildConfiguration section */
		8CA78A381D95A73300365351 /* Debug */ = {
			isa = XCBuildConfiguration;
			buildSettings = {
				ALWAYS_SEARCH_USER_PATHS = NO;
				CLANG_ANALYZER_NONNULL = YES;
				CLANG_CXX_LANGUAGE_STANDARD = "gnu++0x";
				CLANG_CXX_LIBRARY = "libc++";
				CLANG_ENABLE_MODULES = YES;
				CLANG_ENABLE_OBJC_ARC = YES;
				CLANG_WARN_BOOL_CONVERSION = YES;
				CLANG_WARN_CONSTANT_CONVERSION = YES;
				CLANG_WARN_DIRECT_OBJC_ISA_USAGE = YES_ERROR;
				CLANG_WARN_DOCUMENTATION_COMMENTS = YES;
				CLANG_WARN_EMPTY_BODY = YES;
				CLANG_WARN_ENUM_CONVERSION = YES;
				CLANG_WARN_INFINITE_RECURSION = YES;
				CLANG_WARN_INT_CONVERSION = YES;
				CLANG_WARN_OBJC_ROOT_CLASS = YES_ERROR;
				CLANG_WARN_SUSPICIOUS_MOVE = YES;
				CLANG_WARN_SUSPICIOUS_MOVES = YES;
				CLANG_WARN_UNREACHABLE_CODE = YES;
				CLANG_WARN__DUPLICATE_METHOD_MATCH = YES;
				"CODE_SIGN_IDENTITY[sdk=iphoneos*]" = "iPhone Developer";
				COPY_PHASE_STRIP = NO;
				DEBUG_INFORMATION_FORMAT = dwarf;
				ENABLE_STRICT_OBJC_MSGSEND = YES;
				ENABLE_TESTABILITY = YES;
				GCC_C_LANGUAGE_STANDARD = gnu99;
				GCC_DYNAMIC_NO_PIC = NO;
				GCC_NO_COMMON_BLOCKS = YES;
				GCC_OPTIMIZATION_LEVEL = 0;
				GCC_PREPROCESSOR_DEFINITIONS = (
					"DEBUG=1",
					"$(inherited)",
				);
				GCC_WARN_64_TO_32_BIT_CONVERSION = YES;
				GCC_WARN_ABOUT_RETURN_TYPE = YES_ERROR;
				GCC_WARN_UNDECLARED_SELECTOR = YES;
				GCC_WARN_UNINITIALIZED_AUTOS = YES_AGGRESSIVE;
				GCC_WARN_UNUSED_FUNCTION = YES;
				GCC_WARN_UNUSED_VARIABLE = YES;
				IPHONEOS_DEPLOYMENT_TARGET = 10.0;
				MTL_ENABLE_DEBUG_INFO = YES;
				ONLY_ACTIVE_ARCH = YES;
				SDKROOT = iphoneos;
				SWIFT_ACTIVE_COMPILATION_CONDITIONS = DEBUG;
				SWIFT_OPTIMIZATION_LEVEL = "-Onone";
				TARGETED_DEVICE_FAMILY = "1,2";
			};
			name = Debug;
		};
		8CA78A391D95A73300365351 /* Release */ = {
			isa = XCBuildConfiguration;
			buildSettings = {
				ALWAYS_SEARCH_USER_PATHS = NO;
				CLANG_ANALYZER_NONNULL = YES;
				CLANG_CXX_LANGUAGE_STANDARD = "gnu++0x";
				CLANG_CXX_LIBRARY = "libc++";
				CLANG_ENABLE_MODULES = YES;
				CLANG_ENABLE_OBJC_ARC = YES;
				CLANG_WARN_BOOL_CONVERSION = YES;
				CLANG_WARN_CONSTANT_CONVERSION = YES;
				CLANG_WARN_DIRECT_OBJC_ISA_USAGE = YES_ERROR;
				CLANG_WARN_DOCUMENTATION_COMMENTS = YES;
				CLANG_WARN_EMPTY_BODY = YES;
				CLANG_WARN_ENUM_CONVERSION = YES;
				CLANG_WARN_INFINITE_RECURSION = YES;
				CLANG_WARN_INT_CONVERSION = YES;
				CLANG_WARN_OBJC_ROOT_CLASS = YES_ERROR;
				CLANG_WARN_SUSPICIOUS_MOVE = YES;
				CLANG_WARN_SUSPICIOUS_MOVES = YES;
				CLANG_WARN_UNREACHABLE_CODE = YES;
				CLANG_WARN__DUPLICATE_METHOD_MATCH = YES;
				"CODE_SIGN_IDENTITY[sdk=iphoneos*]" = "iPhone Developer";
				COPY_PHASE_STRIP = NO;
				DEBUG_INFORMATION_FORMAT = "dwarf-with-dsym";
				ENABLE_NS_ASSERTIONS = NO;
				ENABLE_STRICT_OBJC_MSGSEND = YES;
				GCC_C_LANGUAGE_STANDARD = gnu99;
				GCC_NO_COMMON_BLOCKS = YES;
				GCC_WARN_64_TO_32_BIT_CONVERSION = YES;
				GCC_WARN_ABOUT_RETURN_TYPE = YES_ERROR;
				GCC_WARN_UNDECLARED_SELECTOR = YES;
				GCC_WARN_UNINITIALIZED_AUTOS = YES_AGGRESSIVE;
				GCC_WARN_UNUSED_FUNCTION = YES;
				GCC_WARN_UNUSED_VARIABLE = YES;
				IPHONEOS_DEPLOYMENT_TARGET = 10.0;
				MTL_ENABLE_DEBUG_INFO = NO;
				SDKROOT = iphoneos;
				SWIFT_OPTIMIZATION_LEVEL = "-Owholemodule";
				TARGETED_DEVICE_FAMILY = "1,2";
				VALIDATE_PRODUCT = YES;
			};
			name = Release;
		};
		8CA78A3B1D95A73300365351 /* Debug */ = {
			isa = XCBuildConfiguration;
			baseConfigurationReference = A0D39204B9385B9F4DF28C01 /* Pods-Estudios.debug.xcconfig */;
			buildSettings = {
				ALWAYS_EMBED_SWIFT_STANDARD_LIBRARIES = YES;
				ASSETCATALOG_COMPILER_APPICON_NAME = AppIcon;
				DEVELOPMENT_TEAM = 869HSEDS8L;
				FRAMEWORK_SEARCH_PATHS = (
					"$(inherited)",
					"$(PROJECT_DIR)/build/Debug-iphoneos/Spring",
					"$(PROJECT_DIR)/build/Debug-iphoneos/SVProgressHUD",
					"$(PROJECT_DIR)/build/Debug-iphoneos/SwiftyJSON",
					"$(PROJECT_DIR)/build/Debug-iphoneos/ChameleonFramework",
					"$(PROJECT_DIR)/build/Debug-iphoneos/DZNEmptyDataSet",
				);
				INFOPLIST_FILE = Estudios/Info.plist;
				LD_RUNPATH_SEARCH_PATHS = "$(inherited) @executable_path/Frameworks";
				PRODUCT_BUNDLE_IDENTIFIER = edu.onpu.Estudios;
				PRODUCT_NAME = "$(TARGET_NAME)";
				SWIFT_VERSION = 3.0;
			};
			name = Debug;
		};
		8CA78A3C1D95A73300365351 /* Release */ = {
			isa = XCBuildConfiguration;
			baseConfigurationReference = 184D74A57584028909612536 /* Pods-Estudios.release.xcconfig */;
			buildSettings = {
				ALWAYS_EMBED_SWIFT_STANDARD_LIBRARIES = YES;
				ASSETCATALOG_COMPILER_APPICON_NAME = AppIcon;
				DEVELOPMENT_TEAM = 869HSEDS8L;
				FRAMEWORK_SEARCH_PATHS = (
					"$(inherited)",
					"$(PROJECT_DIR)/build/Debug-iphoneos/Spring",
					"$(PROJECT_DIR)/build/Debug-iphoneos/SVProgressHUD",
					"$(PROJECT_DIR)/build/Debug-iphoneos/SwiftyJSON",
					"$(PROJECT_DIR)/build/Debug-iphoneos/ChameleonFramework",
					"$(PROJECT_DIR)/build/Debug-iphoneos/DZNEmptyDataSet",
				);
				INFOPLIST_FILE = Estudios/Info.plist;
				LD_RUNPATH_SEARCH_PATHS = "$(inherited) @executable_path/Frameworks";
				PRODUCT_BUNDLE_IDENTIFIER = edu.onpu.Estudios;
				PRODUCT_NAME = "$(TARGET_NAME)";
				SWIFT_VERSION = 3.0;
			};
			name = Release;
		};
/* End XCBuildConfiguration section */

/* Begin XCConfigurationList section */
		8CA78A231D95A73200365351 /* Build configuration list for PBXProject "Estudios" */ = {
			isa = XCConfigurationList;
			buildConfigurations = (
				8CA78A381D95A73300365351 /* Debug */,
				8CA78A391D95A73300365351 /* Release */,
			);
			defaultConfigurationIsVisible = 0;
			defaultConfigurationName = Release;
		};
		8CA78A3A1D95A73300365351 /* Build configuration list for PBXNativeTarget "Estudios" */ = {
			isa = XCConfigurationList;
			buildConfigurations = (
				8CA78A3B1D95A73300365351 /* Debug */,
				8CA78A3C1D95A73300365351 /* Release */,
			);
			defaultConfigurationIsVisible = 0;
			defaultConfigurationName = Release;
		};
/* End XCConfigurationList section */
	};
	rootObject = 8CA78A201D95A73200365351 /* Project object */;
}
